
Microsoft Visual Studio Solution File, Format Version 12.00
# Visual Studio Version 17
VisualStudioVersion = 17.3.32811.315
MinimumVisualStudioVersion = 10.0.40219.1
Project("{FAE04EC0-301F-11D3-BF4B-00C04F79EFBC}") = "EntityFrameworkMentorMate", "EntityFrameworkMentorMate\EntityFrameworkMentorMate.csproj", "{8C4E5F6A-A362-4697-B134-D1AA6B90F569}"
EndProject
Global
	GlobalSection(SolutionConfigurationPlatforms) = preSolution
		Debug|Any CPU = Debug|Any CPU
		Release|Any CPU = Release|Any CPU
	EndGlobalSection
	GlobalSection(ProjectConfigurationPlatforms) = postSolution
		{8C4E5F6A-A362-4697-B134-D1AA6B90F569}.Debug|Any CPU.ActiveCfg = Debug|Any CPU
		{8C4E5F6A-A362-4697-B134-D1AA6B90F569}.Debug|Any CPU.Build.0 = Debug|Any CPU
		{8C4E5F6A-A362-4697-B134-D1AA6B90F569}.Release|Any CPU.ActiveCfg = Release|Any CPU
		{8C4E5F6A-A362-4697-B134-D1AA6B90F569}.Release|Any CPU.Build.0 = Release|Any CPU
	EndGlobalSection
	GlobalSection(SolutionProperties) = preSolution
		HideSolutionNode = FALSE
	EndGlobalSection
	GlobalSection(ExtensibilityGlobals) = postSolution
		SolutionGuid = {C6109C5F-5DD7-4B71-9CA0-4536E71ECE38}
	EndGlobalSection
EndGlobal
